
Microsoft Visual Studio Solution File, Format Version 12.00
# Visual Studio Version 17
VisualStudioVersion = 17.4.33205.214
MinimumVisualStudioVersion = 10.0.40219.1
Project("{FAE04EC0-301F-11D3-BF4B-00C04F79EFBC}") = "ConsoleAppCalculator", "ConsoleAppCalculator.csproj", "{BB5A8A84-8F7C-4AB3-93C4-325D0798F85D}"
EndProject
Global
	GlobalSection(SolutionConfigurationPlatforms) = preSolution
		Debug|Any CPU = Debug|Any CPU
		Release|Any CPU = Release|Any CPU
	EndGlobalSection
	GlobalSection(ProjectConfigurationPlatforms) = postSolution
		{BB5A8A84-8F7C-4AB3-93C4-325D0798F85D}.Debug|Any CPU.ActiveCfg = Debug|Any CPU
		{BB5A8A84-8F7C-4AB3-93C4-325D0798F85D}.Debug|Any CPU.Build.0 = Debug|Any CPU
		{BB5A8A84-8F7C-4AB3-93C4-325D0798F85D}.Release|Any CPU.ActiveCfg = Release|Any CPU
		{BB5A8A84-8F7C-4AB3-93C4-325D0798F85D}.Release|Any CPU.Build.0 = Release|Any CPU
	EndGlobalSection
	GlobalSection(SolutionProperties) = preSolution
		HideSolutionNode = FALSE
	EndGlobalSection
	GlobalSection(ExtensibilityGlobals) = postSolution
		SolutionGuid = {FB1A8CC2-EA92-44C1-9650-D2E0C941C8EE}
	EndGlobalSection
EndGlobal
